
Microsoft Visual Studio Solution File, Format Version 12.00
# Visual Studio Version 16
VisualStudioVersion = 16.0.32510.428
MinimumVisualStudioVersion = 10.0.40219.1
Project("{9A19103F-16F7-4668-BE54-9A1E7A4F7556}") = "Website", "Website\Website.csproj", "{B6FE22E9-1526-4C32-B1B3-4123325D99FC}"
EndProject
Global
	GlobalSection(SolutionConfigurationPlatforms) = preSolution
		Debug|Any CPU = Debug|Any CPU
		Release|Any CPU = Release|Any CPU
	EndGlobalSection
	GlobalSection(ProjectConfigurationPlatforms) = postSolution
		{B6FE22E9-1526-4C32-B1B3-4123325D99FC}.Debug|Any CPU.ActiveCfg = Debug|Any CPU
		{B6FE22E9-1526-4C32-B1B3-4123325D99FC}.Debug|Any CPU.Build.0 = Debug|Any CPU
		{B6FE22E9-1526-4C32-B1B3-4123325D99FC}.Release|Any CPU.ActiveCfg = Release|Any CPU
		{B6FE22E9-1526-4C32-B1B3-4123325D99FC}.Release|Any CPU.Build.0 = Release|Any CPU
	EndGlobalSection
	GlobalSection(SolutionProperties) = preSolution
		HideSolutionNode = FALSE
	EndGlobalSection
	GlobalSection(ExtensibilityGlobals) = postSolution
		SolutionGuid = {EF8EB11A-1352-4044-8CE0-E32DD328C6C4}
	EndGlobalSection
EndGlobal
